
Microsoft Visual Studio Solution File, Format Version 12.00
# Visual Studio Version 16
VisualStudioVersion = 16.0.28917.181
MinimumVisualStudioVersion = 10.0.40219.1
Project("{8BC9CEB8-8B4A-11D0-8D11-00A0C91BC942}") = "chap4drill1", "chap4drill1.vcxproj", "{B8DFFDCE-77B3-405A-9047-4A09D196A487}"
EndProject
Global
	GlobalSection(SolutionConfigurationPlatforms) = preSolution
		Debug|x64 = Debug|x64
		Debug|x86 = Debug|x86
		Release|x64 = Release|x64
		Release|x86 = Release|x86
	EndGlobalSection
	GlobalSection(ProjectConfigurationPlatforms) = postSolution
		{B8DFFDCE-77B3-405A-9047-4A09D196A487}.Debug|x64.ActiveCfg = Debug|x64
		{B8DFFDCE-77B3-405A-9047-4A09D196A487}.Debug|x64.Build.0 = Debug|x64
		{B8DFFDCE-77B3-405A-9047-4A09D196A487}.Debug|x86.ActiveCfg = Debug|Win32
		{B8DFFDCE-77B3-405A-9047-4A09D196A487}.Debug|x86.Build.0 = Debug|Win32
		{B8DFFDCE-77B3-405A-9047-4A09D196A487}.Release|x64.ActiveCfg = Release|x64
		{B8DFFDCE-77B3-405A-9047-4A09D196A487}.Release|x64.Build.0 = Release|x64
		{B8DFFDCE-77B3-405A-9047-4A09D196A487}.Release|x86.ActiveCfg = Release|Win32
		{B8DFFDCE-77B3-405A-9047-4A09D196A487}.Release|x86.Build.0 = Release|Win32
	EndGlobalSection
	GlobalSection(SolutionProperties) = preSolution
		HideSolutionNode = FALSE
	EndGlobalSection
	GlobalSection(ExtensibilityGlobals) = postSolution
		SolutionGuid = {900BA6DE-7C62-4C92-8BD2-305051E707E8}
	EndGlobalSection
EndGlobal
